// !$*UTF8*$!
{
	archiveVersion = 1;
	classes = {
	};
	objectVersion = 52;
	objects = {

/* Begin PBXBuildFile section */
		3B09C9EC266385C900D92097 /* MockRestaurantCollectionViewCell.swift in Sources */ = {isa = PBXBuildFile; fileRef = 3B09C9EB266385C900D92097 /* MockRestaurantCollectionViewCell.swift */; };
		3B09C9EE2663867F00D92097 /* MockRestaurantCollectionDelegate.swift in Sources */ = {isa = PBXBuildFile; fileRef = 3B09C9ED2663867F00D92097 /* MockRestaurantCollectionDelegate.swift */; };
		3B09C9F0266386F700D92097 /* RestaurantCollectionCellPresenterTests.swift in Sources */ = {isa = PBXBuildFile; fileRef = 3B09C9EF266386F700D92097 /* RestaurantCollectionCellPresenterTests.swift */; };
		3B5D42EC265A73E7005D7A07 /* HomePresenter.swift in Sources */ = {isa = PBXBuildFile; fileRef = 3B5D42EB265A73E7005D7A07 /* HomePresenter.swift */; };
		3B5D42F4265A7403005D7A07 /* HomeInteractor.swift in Sources */ = {isa = PBXBuildFile; fileRef = 3B5D42F3265A7403005D7A07 /* HomeInteractor.swift */; };
		3B5D42F9265A7421005D7A07 /* HomeRouter.swift in Sources */ = {isa = PBXBuildFile; fileRef = 3B5D42F8265A7421005D7A07 /* HomeRouter.swift */; };
		3B5D4304265A8EAE005D7A07 /* RestaurantCollectionCellPresenter.swift in Sources */ = {isa = PBXBuildFile; fileRef = 3B5D4303265A8EAE005D7A07 /* RestaurantCollectionCellPresenter.swift */; };
		55D0FA2A2663996A009ECFD7 /* MockThrottler.swift in Sources */ = {isa = PBXBuildFile; fileRef = 55D0FA292663996A009ECFD7 /* MockThrottler.swift */; };
		55D0FA3226639A81009ECFD7 /* MockSearchSuggestionRouter.swift in Sources */ = {isa = PBXBuildFile; fileRef = 55D0FA3126639A81009ECFD7 /* MockSearchSuggestionRouter.swift */; };
		55D0FA3726639ABD009ECFD7 /* MockSearchSuggestionView.swift in Sources */ = {isa = PBXBuildFile; fileRef = 55D0FA3626639ABD009ECFD7 /* MockSearchSuggestionView.swift */; };
		55D0FA3C26639AE6009ECFD7 /* MockSearchSuggestionInteractor.swift in Sources */ = {isa = PBXBuildFile; fileRef = 55D0FA3B26639AE6009ECFD7 /* MockSearchSuggestionInteractor.swift */; };
		55D0FA4126639B17009ECFD7 /* MockSearchSuggestionDelegate.swift in Sources */ = {isa = PBXBuildFile; fileRef = 55D0FA4026639B17009ECFD7 /* MockSearchSuggestionDelegate.swift */; };
		55D0FA4626639B43009ECFD7 /* SearchSuggestionPresenterTests.swift in Sources */ = {isa = PBXBuildFile; fileRef = 55D0FA4526639B43009ECFD7 /* SearchSuggestionPresenterTests.swift */; };
		55D0FA4C26639D95009ECFD7 /* SearchSuggestionResponse.json in Resources */ = {isa = PBXBuildFile; fileRef = 55D0FA4B26639D95009ECFD7 /* SearchSuggestionResponse.json */; };
		9B40C69F265904FA00404678 /* RestaurantCollectionViewCell.xib in Resources */ = {isa = PBXBuildFile; fileRef = 9B40C69D265904FA00404678 /* RestaurantCollectionViewCell.xib */; };
		9B40C6A0265904FA00404678 /* RestaurantCollectionViewCell.swift in Sources */ = {isa = PBXBuildFile; fileRef = 9B40C69E265904FA00404678 /* RestaurantCollectionViewCell.swift */; };
		9B40C6B226590CDE00404678 /* UIFont+Extension.swift in Sources */ = {isa = PBXBuildFile; fileRef = 9B40C6A526590CDE00404678 /* UIFont+Extension.swift */; };
		9B40C6B326590CDE00404678 /* UIColor+Extension.swift in Sources */ = {isa = PBXBuildFile; fileRef = 9B40C6A626590CDE00404678 /* UIColor+Extension.swift */; };
		9B40C6B426590CDE00404678 /* UICollectionView+Extension.swift in Sources */ = {isa = PBXBuildFile; fileRef = 9B40C6A726590CDE00404678 /* UICollectionView+Extension.swift */; };
		9B40C6B526590CDE00404678 /* UICollectionViewCell+Extension.swift in Sources */ = {isa = PBXBuildFile; fileRef = 9B40C6A826590CDE00404678 /* UICollectionViewCell+Extension.swift */; };
		9B40C6B626590CDE00404678 /* Lato-Thin.ttf in Resources */ = {isa = PBXBuildFile; fileRef = 9B40C6AA26590CDE00404678 /* Lato-Thin.ttf */; };
		9B40C6B726590CDE00404678 /* Lato-Bold.ttf in Resources */ = {isa = PBXBuildFile; fileRef = 9B40C6AB26590CDE00404678 /* Lato-Bold.ttf */; };
		9B40C6B826590CDE00404678 /* Lato-Regular.ttf in Resources */ = {isa = PBXBuildFile; fileRef = 9B40C6AC26590CDE00404678 /* Lato-Regular.ttf */; };
		9B40C6B926590CDE00404678 /* Lato-Semibold.ttf in Resources */ = {isa = PBXBuildFile; fileRef = 9B40C6AD26590CDE00404678 /* Lato-Semibold.ttf */; };
		9B40C6BA26590CDE00404678 /* Lato-Light.ttf in Resources */ = {isa = PBXBuildFile; fileRef = 9B40C6AE26590CDE00404678 /* Lato-Light.ttf */; };
		9B40C6BB26590CDE00404678 /* NibView.swift in Sources */ = {isa = PBXBuildFile; fileRef = 9B40C6B026590CDE00404678 /* NibView.swift */; };
		9B40C6BC26590CDE00404678 /* LoadingShowable.swift in Sources */ = {isa = PBXBuildFile; fileRef = 9B40C6B126590CDE00404678 /* LoadingShowable.swift */; };
		9B40C6D726590E8000404678 /* LoadingView.swift in Sources */ = {isa = PBXBuildFile; fileRef = 9B40C6D626590E8000404678 /* LoadingView.swift */; };
		9B40C6F4265915E600404678 /* StampView.xib in Resources */ = {isa = PBXBuildFile; fileRef = 9B40C6F3265915E600404678 /* StampView.xib */; };
		9B40C6F92659161000404678 /* StampView.swift in Sources */ = {isa = PBXBuildFile; fileRef = 9B40C6F82659161000404678 /* StampView.swift */; };
		9B40C70226591F8E00404678 /* SDWebImage in Frameworks */ = {isa = PBXBuildFile; productRef = 9B40C70126591F8E00404678 /* SDWebImage */; };
		BB93E970265A498200887ECE /* Collection+Extension.swift in Sources */ = {isa = PBXBuildFile; fileRef = BB93E96F265A498200887ECE /* Collection+Extension.swift */; };
		D43E806C26610A7A00AE9649 /* AccessibilityIdentifiable.swift in Sources */ = {isa = PBXBuildFile; fileRef = D43E806B26610A7A00AE9649 /* AccessibilityIdentifiable.swift */; };
		D4D92E62266388C80068C141 /* TestHelper.swift in Sources */ = {isa = PBXBuildFile; fileRef = D4D92E61266388C80068C141 /* TestHelper.swift */; };
		D4D92E6426638C070068C141 /* BaseTest.swift in Sources */ = {isa = PBXBuildFile; fileRef = D4D92E6326638C070068C141 /* BaseTest.swift */; };
		D4D92E6B2663948D0068C141 /* XCUIElement+Extension.swift in Sources */ = {isa = PBXBuildFile; fileRef = D4D92E6A2663948C0068C141 /* XCUIElement+Extension.swift */; };
		DC55B60A2658EC0B00C5D2FD /* AppDelegate.swift in Sources */ = {isa = PBXBuildFile; fileRef = DC55B6092658EC0B00C5D2FD /* AppDelegate.swift */; };
		DC55B60C2658EC0B00C5D2FD /* SceneDelegate.swift in Sources */ = {isa = PBXBuildFile; fileRef = DC55B60B2658EC0B00C5D2FD /* SceneDelegate.swift */; };
		DC55B60E2658EC0B00C5D2FD /* HomeViewController.swift in Sources */ = {isa = PBXBuildFile; fileRef = DC55B60D2658EC0B00C5D2FD /* HomeViewController.swift */; };
		DC55B6112658EC0B00C5D2FD /* Main.storyboard in Resources */ = {isa = PBXBuildFile; fileRef = DC55B60F2658EC0B00C5D2FD /* Main.storyboard */; };
		DC55B6132658EC0D00C5D2FD /* Assets.xcassets in Resources */ = {isa = PBXBuildFile; fileRef = DC55B6122658EC0D00C5D2FD /* Assets.xcassets */; };
		DC55B6162658EC0D00C5D2FD /* LaunchScreen.storyboard in Resources */ = {isa = PBXBuildFile; fileRef = DC55B6142658EC0D00C5D2FD /* LaunchScreen.storyboard */; };
		DC55B6212658EC0D00C5D2FD /* MealAppTests.swift in Sources */ = {isa = PBXBuildFile; fileRef = DC55B6202658EC0D00C5D2FD /* MealAppTests.swift */; };
		DC55B63B2658ED9700C5D2FD /* CoreApi in Frameworks */ = {isa = PBXBuildFile; productRef = DC55B63A2658ED9700C5D2FD /* CoreApi */; };
		DC55B63D2658F21100C5D2FD /* HomeEndpointItem.swift in Sources */ = {isa = PBXBuildFile; fileRef = DC55B63C2658F21100C5D2FD /* HomeEndpointItem.swift */; };
		DC55B63F2658F5A800C5D2FD /* Widget.swift in Sources */ = {isa = PBXBuildFile; fileRef = DC55B63E2658F5A800C5D2FD /* Widget.swift */; };
		DCA5DEDD2663727300D67EE2 /* HomePresenterTests.swift in Sources */ = {isa = PBXBuildFile; fileRef = DCA5DEDC2663727300D67EE2 /* HomePresenterTests.swift */; };
		DCA5DEDF2663732F00D67EE2 /* MockHomeViewController.swift in Sources */ = {isa = PBXBuildFile; fileRef = DCA5DEDE2663732F00D67EE2 /* MockHomeViewController.swift */; };
		DCA5DEE12663753000D67EE2 /* MockHomeInteractor.swift in Sources */ = {isa = PBXBuildFile; fileRef = DCA5DEE02663753000D67EE2 /* MockHomeInteractor.swift */; };
		DCA5DEE326637A3400D67EE2 /* HomeResponse.json in Resources */ = {isa = PBXBuildFile; fileRef = DCA5DEE226637A3400D67EE2 /* HomeResponse.json */; };
		FBB94F0A26622CAD00608D73 /* SearchSuggestionViewController.swift in Sources */ = {isa = PBXBuildFile; fileRef = FBB94F0926622CAD00608D73 /* SearchSuggestionViewController.swift */; };
		FBB94F132662300900608D73 /* SearchSuggestionPresenter.swift in Sources */ = {isa = PBXBuildFile; fileRef = FBB94F122662300900608D73 /* SearchSuggestionPresenter.swift */; };
		FBB94F182662301200608D73 /* SearchSuggestionRouter.swift in Sources */ = {isa = PBXBuildFile; fileRef = FBB94F172662301200608D73 /* SearchSuggestionRouter.swift */; };
		FBB94F1D2662301B00608D73 /* SearchSuggestionInteractor.swift in Sources */ = {isa = PBXBuildFile; fileRef = FBB94F1C2662301B00608D73 /* SearchSuggestionInteractor.swift */; };
		FBB94F2B266233BA00608D73 /* SuggestionHeaderView.swift in Sources */ = {isa = PBXBuildFile; fileRef = FBB94F29266233BA00608D73 /* SuggestionHeaderView.swift */; };
		FBB94F2C266233BA00608D73 /* SuggestionHeaderView.xib in Resources */ = {isa = PBXBuildFile; fileRef = FBB94F2A266233BA00608D73 /* SuggestionHeaderView.xib */; };
		FBB94F362662352B00608D73 /* RestaurantSuggestionCell.swift in Sources */ = {isa = PBXBuildFile; fileRef = FBB94F342662352B00608D73 /* RestaurantSuggestionCell.swift */; };
		FBB94F372662352B00608D73 /* RestaurantSuggestionCell.xib in Resources */ = {isa = PBXBuildFile; fileRef = FBB94F352662352B00608D73 /* RestaurantSuggestionCell.xib */; };
		FBB94F4126623C4700608D73 /* BasicSuggestionCell.swift in Sources */ = {isa = PBXBuildFile; fileRef = FBB94F3F26623C4700608D73 /* BasicSuggestionCell.swift */; };
		FBB94F4226623C4700608D73 /* BasicSuggestionCell.xib in Resources */ = {isa = PBXBuildFile; fileRef = FBB94F4026623C4700608D73 /* BasicSuggestionCell.xib */; };
		FBB94F4B26623DD600608D73 /* UICollectionReusableView+Extension.swift in Sources */ = {isa = PBXBuildFile; fileRef = FBB94F4A26623DD500608D73 /* UICollectionReusableView+Extension.swift */; };
		FBB94F502662434400608D73 /* SearchEndpointItem.swift in Sources */ = {isa = PBXBuildFile; fileRef = FBB94F4F2662434400608D73 /* SearchEndpointItem.swift */; };
		FBB94F5526624E5D00608D73 /* SearchSuggestionResponse.swift in Sources */ = {isa = PBXBuildFile; fileRef = FBB94F5426624E5D00608D73 /* SearchSuggestionResponse.swift */; };
		FBB94F5A2662601300608D73 /* Throttle.swift in Sources */ = {isa = PBXBuildFile; fileRef = FBB94F592662601300608D73 /* Throttle.swift */; };
		FBB94F5F266261BF00608D73 /* SearchPresentable.swift in Sources */ = {isa = PBXBuildFile; fileRef = FBB94F5E266261BF00608D73 /* SearchPresentable.swift */; };
/* End PBXBuildFile section */

/* Begin PBXContainerItemProxy section */
		DC55B61D2658EC0D00C5D2FD /* PBXContainerItemProxy */ = {
			isa = PBXContainerItemProxy;
			containerPortal = DC55B5FE2658EC0B00C5D2FD /* Project object */;
			proxyType = 1;
			remoteGlobalIDString = DC55B6052658EC0B00C5D2FD;
			remoteInfo = MealApp;
		};
		DC55B6282658EC0D00C5D2FD /* PBXContainerItemProxy */ = {
			isa = PBXContainerItemProxy;
			containerPortal = DC55B5FE2658EC0B00C5D2FD /* Project object */;
			proxyType = 1;
			remoteGlobalIDString = DC55B6052658EC0B00C5D2FD;
			remoteInfo = MealApp;
		};
/* End PBXContainerItemProxy section */

/* Begin PBXFileReference section */
		3B09C9EB266385C900D92097 /* MockRestaurantCollectionViewCell.swift */ = {isa = PBXFileReference; lastKnownFileType = sourcecode.swift; path = MockRestaurantCollectionViewCell.swift; sourceTree = "<group>"; };
		3B09C9ED2663867F00D92097 /* MockRestaurantCollectionDelegate.swift */ = {isa = PBXFileReference; lastKnownFileType = sourcecode.swift; path = MockRestaurantCollectionDelegate.swift; sourceTree = "<group>"; };
		3B09C9EF266386F700D92097 /* RestaurantCollectionCellPresenterTests.swift */ = {isa = PBXFileReference; lastKnownFileType = sourcecode.swift; path = RestaurantCollectionCellPresenterTests.swift; sourceTree = "<group>"; };
		3B5D42EB265A73E7005D7A07 /* HomePresenter.swift */ = {isa = PBXFileReference; lastKnownFileType = sourcecode.swift; path = HomePresenter.swift; sourceTree = "<group>"; };
		3B5D42F3265A7403005D7A07 /* HomeInteractor.swift */ = {isa = PBXFileReference; lastKnownFileType = sourcecode.swift; path = HomeInteractor.swift; sourceTree = "<group>"; };
		3B5D42F8265A7421005D7A07 /* HomeRouter.swift */ = {isa = PBXFileReference; lastKnownFileType = sourcecode.swift; path = HomeRouter.swift; sourceTree = "<group>"; };
		3B5D4303265A8EAE005D7A07 /* RestaurantCollectionCellPresenter.swift */ = {isa = PBXFileReference; lastKnownFileType = sourcecode.swift; path = RestaurantCollectionCellPresenter.swift; sourceTree = "<group>"; };
		55D0FA292663996A009ECFD7 /* MockThrottler.swift */ = {isa = PBXFileReference; lastKnownFileType = sourcecode.swift; path = MockThrottler.swift; sourceTree = "<group>"; };
		55D0FA3126639A81009ECFD7 /* MockSearchSuggestionRouter.swift */ = {isa = PBXFileReference; lastKnownFileType = sourcecode.swift; path = MockSearchSuggestionRouter.swift; sourceTree = "<group>"; };
		55D0FA3626639ABD009ECFD7 /* MockSearchSuggestionView.swift */ = {isa = PBXFileReference; lastKnownFileType = sourcecode.swift; path = MockSearchSuggestionView.swift; sourceTree = "<group>"; };
		55D0FA3B26639AE6009ECFD7 /* MockSearchSuggestionInteractor.swift */ = {isa = PBXFileReference; lastKnownFileType = sourcecode.swift; path = MockSearchSuggestionInteractor.swift; sourceTree = "<group>"; };
		55D0FA4026639B17009ECFD7 /* MockSearchSuggestionDelegate.swift */ = {isa = PBXFileReference; lastKnownFileType = sourcecode.swift; path = MockSearchSuggestionDelegate.swift; sourceTree = "<group>"; };
		55D0FA4526639B43009ECFD7 /* SearchSuggestionPresenterTests.swift */ = {isa = PBXFileReference; lastKnownFileType = sourcecode.swift; path = SearchSuggestionPresenterTests.swift; sourceTree = "<group>"; };
		55D0FA4B26639D95009ECFD7 /* SearchSuggestionResponse.json */ = {isa = PBXFileReference; lastKnownFileType = text.json; path = SearchSuggestionResponse.json; sourceTree = "<group>"; };
		9B40C69D265904FA00404678 /* RestaurantCollectionViewCell.xib */ = {isa = PBXFileReference; fileEncoding = 4; lastKnownFileType = file.xib; path = RestaurantCollectionViewCell.xib; sourceTree = "<group>"; };
		9B40C69E265904FA00404678 /* RestaurantCollectionViewCell.swift */ = {isa = PBXFileReference; fileEncoding = 4; lastKnownFileType = sourcecode.swift; path = RestaurantCollectionViewCell.swift; sourceTree = "<group>"; };
		9B40C6A526590CDE00404678 /* UIFont+Extension.swift */ = {isa = PBXFileReference; fileEncoding = 4; lastKnownFileType = sourcecode.swift; path = "UIFont+Extension.swift"; sourceTree = "<group>"; };
		9B40C6A626590CDE00404678 /* UIColor+Extension.swift */ = {isa = PBXFileReference; fileEncoding = 4; lastKnownFileType = sourcecode.swift; path = "UIColor+Extension.swift"; sourceTree = "<group>"; };
		9B40C6A726590CDE00404678 /* UICollectionView+Extension.swift */ = {isa = PBXFileReference; fileEncoding = 4; lastKnownFileType = sourcecode.swift; path = "UICollectionView+Extension.swift"; sourceTree = "<group>"; };
		9B40C6A826590CDE00404678 /* UICollectionViewCell+Extension.swift */ = {isa = PBXFileReference; fileEncoding = 4; lastKnownFileType = sourcecode.swift; path = "UICollectionViewCell+Extension.swift"; sourceTree = "<group>"; };
		9B40C6AA26590CDE00404678 /* Lato-Thin.ttf */ = {isa = PBXFileReference; lastKnownFileType = file; path = "Lato-Thin.ttf"; sourceTree = "<group>"; };
		9B40C6AB26590CDE00404678 /* Lato-Bold.ttf */ = {isa = PBXFileReference; lastKnownFileType = file; path = "Lato-Bold.ttf"; sourceTree = "<group>"; };
		9B40C6AC26590CDE00404678 /* Lato-Regular.ttf */ = {isa = PBXFileReference; lastKnownFileType = file; path = "Lato-Regular.ttf"; sourceTree = "<group>"; };
		9B40C6AD26590CDE00404678 /* Lato-Semibold.ttf */ = {isa = PBXFileReference; lastKnownFileType = file; path = "Lato-Semibold.ttf"; sourceTree = "<group>"; };
		9B40C6AE26590CDE00404678 /* Lato-Light.ttf */ = {isa = PBXFileReference; lastKnownFileType = file; path = "Lato-Light.ttf"; sourceTree = "<group>"; };
		9B40C6B026590CDE00404678 /* NibView.swift */ = {isa = PBXFileReference; fileEncoding = 4; lastKnownFileType = sourcecode.swift; path = NibView.swift; sourceTree = "<group>"; };
		9B40C6B126590CDE00404678 /* LoadingShowable.swift */ = {isa = PBXFileReference; fileEncoding = 4; lastKnownFileType = sourcecode.swift; path = LoadingShowable.swift; sourceTree = "<group>"; };
		9B40C6D626590E8000404678 /* LoadingView.swift */ = {isa = PBXFileReference; fileEncoding = 4; lastKnownFileType = sourcecode.swift; path = LoadingView.swift; sourceTree = "<group>"; };
		9B40C6F3265915E600404678 /* StampView.xib */ = {isa = PBXFileReference; lastKnownFileType = file.xib; path = StampView.xib; sourceTree = "<group>"; };
		9B40C6F82659161000404678 /* StampView.swift */ = {isa = PBXFileReference; lastKnownFileType = sourcecode.swift; path = StampView.swift; sourceTree = "<group>"; };
		BB93E96F265A498200887ECE /* Collection+Extension.swift */ = {isa = PBXFileReference; lastKnownFileType = sourcecode.swift; path = "Collection+Extension.swift"; sourceTree = "<group>"; };
		D43E806B26610A7A00AE9649 /* AccessibilityIdentifiable.swift */ = {isa = PBXFileReference; lastKnownFileType = sourcecode.swift; path = AccessibilityIdentifiable.swift; sourceTree = "<group>"; };
		D4D92E61266388C80068C141 /* TestHelper.swift */ = {isa = PBXFileReference; lastKnownFileType = sourcecode.swift; path = TestHelper.swift; sourceTree = "<group>"; };
		D4D92E6326638C070068C141 /* BaseTest.swift */ = {isa = PBXFileReference; lastKnownFileType = sourcecode.swift; path = BaseTest.swift; sourceTree = "<group>"; };
		D4D92E6A2663948C0068C141 /* XCUIElement+Extension.swift */ = {isa = PBXFileReference; lastKnownFileType = sourcecode.swift; path = "XCUIElement+Extension.swift"; sourceTree = "<group>"; };
		DC55B6062658EC0B00C5D2FD /* MealApp.app */ = {isa = PBXFileReference; explicitFileType = wrapper.application; includeInIndex = 0; path = MealApp.app; sourceTree = BUILT_PRODUCTS_DIR; };
		DC55B6092658EC0B00C5D2FD /* AppDelegate.swift */ = {isa = PBXFileReference; lastKnownFileType = sourcecode.swift; path = AppDelegate.swift; sourceTree = "<group>"; };
		DC55B60B2658EC0B00C5D2FD /* SceneDelegate.swift */ = {isa = PBXFileReference; lastKnownFileType = sourcecode.swift; path = SceneDelegate.swift; sourceTree = "<group>"; };
		DC55B60D2658EC0B00C5D2FD /* HomeViewController.swift */ = {isa = PBXFileReference; lastKnownFileType = sourcecode.swift; path = HomeViewController.swift; sourceTree = "<group>"; };
		DC55B6102658EC0B00C5D2FD /* Base */ = {isa = PBXFileReference; lastKnownFileType = file.storyboard; name = Base; path = Base.lproj/Main.storyboard; sourceTree = "<group>"; };
		DC55B6122658EC0D00C5D2FD /* Assets.xcassets */ = {isa = PBXFileReference; lastKnownFileType = folder.assetcatalog; path = Assets.xcassets; sourceTree = "<group>"; };
		DC55B6152658EC0D00C5D2FD /* Base */ = {isa = PBXFileReference; lastKnownFileType = file.storyboard; name = Base; path = Base.lproj/LaunchScreen.storyboard; sourceTree = "<group>"; };
		DC55B6172658EC0D00C5D2FD /* Info.plist */ = {isa = PBXFileReference; lastKnownFileType = text.plist.xml; path = Info.plist; sourceTree = "<group>"; };
		DC55B61C2658EC0D00C5D2FD /* MealAppTests.xctest */ = {isa = PBXFileReference; explicitFileType = wrapper.cfbundle; includeInIndex = 0; path = MealAppTests.xctest; sourceTree = BUILT_PRODUCTS_DIR; };
		DC55B6202658EC0D00C5D2FD /* MealAppTests.swift */ = {isa = PBXFileReference; lastKnownFileType = sourcecode.swift; path = MealAppTests.swift; sourceTree = "<group>"; };
		DC55B6222658EC0D00C5D2FD /* Info.plist */ = {isa = PBXFileReference; lastKnownFileType = text.plist.xml; path = Info.plist; sourceTree = "<group>"; };
		DC55B6272658EC0D00C5D2FD /* MealAppUITests.xctest */ = {isa = PBXFileReference; explicitFileType = wrapper.cfbundle; includeInIndex = 0; path = MealAppUITests.xctest; sourceTree = BUILT_PRODUCTS_DIR; };
		DC55B62D2658EC0D00C5D2FD /* Info.plist */ = {isa = PBXFileReference; lastKnownFileType = text.plist.xml; path = Info.plist; sourceTree = "<group>"; };
		DC55B63C2658F21100C5D2FD /* HomeEndpointItem.swift */ = {isa = PBXFileReference; lastKnownFileType = sourcecode.swift; path = HomeEndpointItem.swift; sourceTree = "<group>"; };
		DC55B63E2658F5A800C5D2FD /* Widget.swift */ = {isa = PBXFileReference; lastKnownFileType = sourcecode.swift; path = Widget.swift; sourceTree = "<group>"; };
		DCA5DEDC2663727300D67EE2 /* HomePresenterTests.swift */ = {isa = PBXFileReference; lastKnownFileType = sourcecode.swift; path = HomePresenterTests.swift; sourceTree = "<group>"; };
		DCA5DEDE2663732F00D67EE2 /* MockHomeViewController.swift */ = {isa = PBXFileReference; lastKnownFileType = sourcecode.swift; path = MockHomeViewController.swift; sourceTree = "<group>"; };
		DCA5DEE02663753000D67EE2 /* MockHomeInteractor.swift */ = {isa = PBXFileReference; lastKnownFileType = sourcecode.swift; path = MockHomeInteractor.swift; sourceTree = "<group>"; };
		DCA5DEE226637A3400D67EE2 /* HomeResponse.json */ = {isa = PBXFileReference; lastKnownFileType = text.json; path = HomeResponse.json; sourceTree = "<group>"; };
		FBB94F0926622CAD00608D73 /* SearchSuggestionViewController.swift */ = {isa = PBXFileReference; lastKnownFileType = sourcecode.swift; path = SearchSuggestionViewController.swift; sourceTree = "<group>"; };
		FBB94F122662300900608D73 /* SearchSuggestionPresenter.swift */ = {isa = PBXFileReference; lastKnownFileType = sourcecode.swift; path = SearchSuggestionPresenter.swift; sourceTree = "<group>"; };
		FBB94F172662301200608D73 /* SearchSuggestionRouter.swift */ = {isa = PBXFileReference; lastKnownFileType = sourcecode.swift; path = SearchSuggestionRouter.swift; sourceTree = "<group>"; };
		FBB94F1C2662301B00608D73 /* SearchSuggestionInteractor.swift */ = {isa = PBXFileReference; lastKnownFileType = sourcecode.swift; path = SearchSuggestionInteractor.swift; sourceTree = "<group>"; };
		FBB94F29266233BA00608D73 /* SuggestionHeaderView.swift */ = {isa = PBXFileReference; lastKnownFileType = sourcecode.swift; path = SuggestionHeaderView.swift; sourceTree = "<group>"; };
		FBB94F2A266233BA00608D73 /* SuggestionHeaderView.xib */ = {isa = PBXFileReference; lastKnownFileType = file.xib; path = SuggestionHeaderView.xib; sourceTree = "<group>"; };
		FBB94F342662352B00608D73 /* RestaurantSuggestionCell.swift */ = {isa = PBXFileReference; lastKnownFileType = sourcecode.swift; path = RestaurantSuggestionCell.swift; sourceTree = "<group>"; };
		FBB94F352662352B00608D73 /* RestaurantSuggestionCell.xib */ = {isa = PBXFileReference; lastKnownFileType = file.xib; path = RestaurantSuggestionCell.xib; sourceTree = "<group>"; };
		FBB94F3F26623C4700608D73 /* BasicSuggestionCell.swift */ = {isa = PBXFileReference; lastKnownFileType = sourcecode.swift; path = BasicSuggestionCell.swift; sourceTree = "<group>"; };
		FBB94F4026623C4700608D73 /* BasicSuggestionCell.xib */ = {isa = PBXFileReference; lastKnownFileType = file.xib; path = BasicSuggestionCell.xib; sourceTree = "<group>"; };
		FBB94F4A26623DD500608D73 /* UICollectionReusableView+Extension.swift */ = {isa = PBXFileReference; lastKnownFileType = sourcecode.swift; path = "UICollectionReusableView+Extension.swift"; sourceTree = "<group>"; };
		FBB94F4F2662434400608D73 /* SearchEndpointItem.swift */ = {isa = PBXFileReference; lastKnownFileType = sourcecode.swift; path = SearchEndpointItem.swift; sourceTree = "<group>"; };
		FBB94F5426624E5D00608D73 /* SearchSuggestionResponse.swift */ = {isa = PBXFileReference; lastKnownFileType = sourcecode.swift; path = SearchSuggestionResponse.swift; sourceTree = "<group>"; };
		FBB94F592662601300608D73 /* Throttle.swift */ = {isa = PBXFileReference; lastKnownFileType = sourcecode.swift; path = Throttle.swift; sourceTree = "<group>"; };
		FBB94F5E266261BF00608D73 /* SearchPresentable.swift */ = {isa = PBXFileReference; lastKnownFileType = sourcecode.swift; path = SearchPresentable.swift; sourceTree = "<group>"; };
/* End PBXFileReference section */

/* Begin PBXFrameworksBuildPhase section */
		DC55B6032658EC0B00C5D2FD /* Frameworks */ = {
			isa = PBXFrameworksBuildPhase;
			buildActionMask = 2147483647;
			files = (
				9B40C70226591F8E00404678 /* SDWebImage in Frameworks */,
				DC55B63B2658ED9700C5D2FD /* CoreApi in Frameworks */,
			);
			runOnlyForDeploymentPostprocessing = 0;
		};
		DC55B6192658EC0D00C5D2FD /* Frameworks */ = {
			isa = PBXFrameworksBuildPhase;
			buildActionMask = 2147483647;
			files = (
			);
			runOnlyForDeploymentPostprocessing = 0;
		};
		DC55B6242658EC0D00C5D2FD /* Frameworks */ = {
			isa = PBXFrameworksBuildPhase;
			buildActionMask = 2147483647;
			files = (
			);
			runOnlyForDeploymentPostprocessing = 0;
		};
/* End PBXFrameworksBuildPhase section */

/* Begin PBXGroup section */
		3B09C9E92663855C00D92097 /* Home */ = {
			isa = PBXGroup;
			children = (
				3B09C9EA2663857000D92097 /* RestaurantCollectionViewCell */,
				DCA5DEDC2663727300D67EE2 /* HomePresenterTests.swift */,
				DCA5DEE02663753000D67EE2 /* MockHomeInteractor.swift */,
				DCA5DEDE2663732F00D67EE2 /* MockHomeViewController.swift */,
				DCA5DEE226637A3400D67EE2 /* HomeResponse.json */,
			);
			path = Home;
			sourceTree = "<group>";
		};
		3B09C9EA2663857000D92097 /* RestaurantCollectionViewCell */ = {
			isa = PBXGroup;
			children = (
				3B09C9EB266385C900D92097 /* MockRestaurantCollectionViewCell.swift */,
				3B09C9ED2663867F00D92097 /* MockRestaurantCollectionDelegate.swift */,
				3B09C9EF266386F700D92097 /* RestaurantCollectionCellPresenterTests.swift */,
			);
			path = RestaurantCollectionViewCell;
			sourceTree = "<group>";
		};
		3B5D42E6265A735C005D7A07 /* App */ = {
			isa = PBXGroup;
			children = (
				DC55B6092658EC0B00C5D2FD /* AppDelegate.swift */,
				DC55B60B2658EC0B00C5D2FD /* SceneDelegate.swift */,
			);
			path = App;
			sourceTree = "<group>";
		};
		3B5D42E7265A737A005D7A07 /* Resource */ = {
			isa = PBXGroup;
			children = (
				9B40C6D526590E6100404678 /* Views */,
				9B40C6A426590CDE00404678 /* Extensions */,
				9B40C6A926590CDE00404678 /* Fonts */,
				9B40C6AF26590CDE00404678 /* Utils */,
			);
			path = Resource;
			sourceTree = "<group>";
		};
		3B5D42E8265A7395005D7A07 /* Module */ = {
			isa = PBXGroup;
			children = (
				DC55B60F2658EC0B00C5D2FD /* Main.storyboard */,
				3B5D42E9265A73AB005D7A07 /* Home */,
				FBB94F0E26622CB300608D73 /* SearchSuggestion */,
				FBB94F5E266261BF00608D73 /* SearchPresentable.swift */,
			);
			path = Module;
			sourceTree = "<group>";
		};
		3B5D42E9265A73AB005D7A07 /* Home */ = {
			isa = PBXGroup;
			children = (
				3B5D42EA265A73C4005D7A07 /* Entity */,
				9B40C69C265904FA00404678 /* RestaurantCollectionViewCell */,
				DC55B63C2658F21100C5D2FD /* HomeEndpointItem.swift */,
				3B5D42EB265A73E7005D7A07 /* HomePresenter.swift */,
				DC55B60D2658EC0B00C5D2FD /* HomeViewController.swift */,
				3B5D42F3265A7403005D7A07 /* HomeInteractor.swift */,
				3B5D42F8265A7421005D7A07 /* HomeRouter.swift */,
			);
			path = Home;
			sourceTree = "<group>";
		};
		3B5D42EA265A73C4005D7A07 /* Entity */ = {
			isa = PBXGroup;
			children = (
				DC55B63E2658F5A800C5D2FD /* Widget.swift */,
			);
			path = Entity;
			sourceTree = "<group>";
		};
		55D0FA2826639937009ECFD7 /* Search */ = {
			isa = PBXGroup;
			children = (
				55D0FA4A26639D82009ECFD7 /* Entity */,
				55D0FA292663996A009ECFD7 /* MockThrottler.swift */,
				55D0FA3126639A81009ECFD7 /* MockSearchSuggestionRouter.swift */,
				55D0FA3626639ABD009ECFD7 /* MockSearchSuggestionView.swift */,
				55D0FA3B26639AE6009ECFD7 /* MockSearchSuggestionInteractor.swift */,
				55D0FA4026639B17009ECFD7 /* MockSearchSuggestionDelegate.swift */,
				55D0FA4526639B43009ECFD7 /* SearchSuggestionPresenterTests.swift */,
			);
			path = Search;
			sourceTree = "<group>";
		};
		55D0FA4A26639D82009ECFD7 /* Entity */ = {
			isa = PBXGroup;
			children = (
				55D0FA4B26639D95009ECFD7 /* SearchSuggestionResponse.json */,
			);
			path = Entity;
			sourceTree = "<group>";
		};
		9B40C69C265904FA00404678 /* RestaurantCollectionViewCell */ = {
			isa = PBXGroup;
			children = (
				9B40C69D265904FA00404678 /* RestaurantCollectionViewCell.xib */,
				9B40C69E265904FA00404678 /* RestaurantCollectionViewCell.swift */,
				3B5D4303265A8EAE005D7A07 /* RestaurantCollectionCellPresenter.swift */,
			);
			path = RestaurantCollectionViewCell;
			sourceTree = "<group>";
		};
		9B40C6A426590CDE00404678 /* Extensions */ = {
			isa = PBXGroup;
			children = (
				9B40C6A526590CDE00404678 /* UIFont+Extension.swift */,
				9B40C6A626590CDE00404678 /* UIColor+Extension.swift */,
				9B40C6A726590CDE00404678 /* UICollectionView+Extension.swift */,
				9B40C6A826590CDE00404678 /* UICollectionViewCell+Extension.swift */,
				FBB94F4A26623DD500608D73 /* UICollectionReusableView+Extension.swift */,
				BB93E96F265A498200887ECE /* Collection+Extension.swift */,
			);
			path = Extensions;
			sourceTree = "<group>";
		};
		9B40C6A926590CDE00404678 /* Fonts */ = {
			isa = PBXGroup;
			children = (
				9B40C6AA26590CDE00404678 /* Lato-Thin.ttf */,
				9B40C6AB26590CDE00404678 /* Lato-Bold.ttf */,
				9B40C6AC26590CDE00404678 /* Lato-Regular.ttf */,
				9B40C6AD26590CDE00404678 /* Lato-Semibold.ttf */,
				9B40C6AE26590CDE00404678 /* Lato-Light.ttf */,
			);
			path = Fonts;
			sourceTree = "<group>";
		};
		9B40C6AF26590CDE00404678 /* Utils */ = {
			isa = PBXGroup;
			children = (
				9B40C6B026590CDE00404678 /* NibView.swift */,
				FBB94F592662601300608D73 /* Throttle.swift */,
				9B40C6B126590CDE00404678 /* LoadingShowable.swift */,
				D43E806B26610A7A00AE9649 /* AccessibilityIdentifiable.swift */,
			);
			path = Utils;
			sourceTree = "<group>";
		};
		9B40C6D526590E6100404678 /* Views */ = {
			isa = PBXGroup;
			children = (
				9B40C6EC265910F300404678 /* LoadingView */,
				9B40C6DC26590F9400404678 /* StampView */,
			);
			path = Views;
			sourceTree = "<group>";
		};
		9B40C6DC26590F9400404678 /* StampView */ = {
			isa = PBXGroup;
			children = (
				9B40C6F3265915E600404678 /* StampView.xib */,
				9B40C6F82659161000404678 /* StampView.swift */,
			);
			path = StampView;
			sourceTree = "<group>";
		};
		9B40C6EC265910F300404678 /* LoadingView */ = {
			isa = PBXGroup;
			children = (
				9B40C6D626590E8000404678 /* LoadingView.swift */,
			);
			path = LoadingView;
			sourceTree = "<group>";
		};
		D4D92E5F266388AC0068C141 /* Page */ = {
			isa = PBXGroup;
			children = (
			);
			path = Page;
			sourceTree = "<group>";
		};
		D4D92E60266388B00068C141 /* Test */ = {
			isa = PBXGroup;
			children = (
				D4D92E6326638C070068C141 /* BaseTest.swift */,
			);
			path = Test;
			sourceTree = "<group>";
		};
		D4D92E69266394750068C141 /* Utils */ = {
			isa = PBXGroup;
			children = (
				D4D92E6A2663948C0068C141 /* XCUIElement+Extension.swift */,
			);
			path = Utils;
			sourceTree = "<group>";
		};
		DC55B5FD2658EC0B00C5D2FD = {
			isa = PBXGroup;
			children = (
				DC55B6082658EC0B00C5D2FD /* MealApp */,
				DC55B61F2658EC0D00C5D2FD /* MealAppTests */,
				DC55B62A2658EC0D00C5D2FD /* MealAppUITests */,
				DC55B6072658EC0B00C5D2FD /* Products */,
				DC55B6392658ED9700C5D2FD /* Frameworks */,
			);
			sourceTree = "<group>";
		};
		DC55B6072658EC0B00C5D2FD /* Products */ = {
			isa = PBXGroup;
			children = (
				DC55B6062658EC0B00C5D2FD /* MealApp.app */,
				DC55B61C2658EC0D00C5D2FD /* MealAppTests.xctest */,
				DC55B6272658EC0D00C5D2FD /* MealAppUITests.xctest */,
			);
			name = Products;
			sourceTree = "<group>";
		};
		DC55B6082658EC0B00C5D2FD /* MealApp */ = {
			isa = PBXGroup;
			children = (
				3B5D42E6265A735C005D7A07 /* App */,
				3B5D42E7265A737A005D7A07 /* Resource */,
				3B5D42E8265A7395005D7A07 /* Module */,
				DC55B6122658EC0D00C5D2FD /* Assets.xcassets */,
				DC55B6142658EC0D00C5D2FD /* LaunchScreen.storyboard */,
				DC55B6172658EC0D00C5D2FD /* Info.plist */,
			);
			path = MealApp;
			sourceTree = "<group>";
		};
		DC55B61F2658EC0D00C5D2FD /* MealAppTests */ = {
			isa = PBXGroup;
			children = (
				55D0FA2826639937009ECFD7 /* Search */,
				3B09C9E92663855C00D92097 /* Home */,
				DC55B6202658EC0D00C5D2FD /* MealAppTests.swift */,
				DC55B6222658EC0D00C5D2FD /* Info.plist */,
			);
			path = MealAppTests;
			sourceTree = "<group>";
		};
		DC55B62A2658EC0D00C5D2FD /* MealAppUITests */ = {
			isa = PBXGroup;
			children = (
				D4D92E5F266388AC0068C141 /* Page */,
				D4D92E60266388B00068C141 /* Test */,
				D4D92E69266394750068C141 /* Utils */,
				D4D92E61266388C80068C141 /* TestHelper.swift */,
				DC55B62D2658EC0D00C5D2FD /* Info.plist */,
			);
			path = MealAppUITests;
			sourceTree = "<group>";
		};
		DC55B6392658ED9700C5D2FD /* Frameworks */ = {
			isa = PBXGroup;
			children = (
			);
			name = Frameworks;
			sourceTree = "<group>";
		};
		FBB94F0E26622CB300608D73 /* SearchSuggestion */ = {
			isa = PBXGroup;
			children = (
				FBB94F0926622CAD00608D73 /* SearchSuggestionViewController.swift */,
				FBB94F122662300900608D73 /* SearchSuggestionPresenter.swift */,
				FBB94F172662301200608D73 /* SearchSuggestionRouter.swift */,
				FBB94F1C2662301B00608D73 /* SearchSuggestionInteractor.swift */,
				FBB94F67266266BE00608D73 /* Views */,
				FBB94F63266266B700608D73 /* Rest */,
			);
			path = SearchSuggestion;
			sourceTree = "<group>";
		};
		FBB94F30266233C700608D73 /* SuggestionHeaderView */ = {
			isa = PBXGroup;
			children = (
				FBB94F29266233BA00608D73 /* SuggestionHeaderView.swift */,
				FBB94F2A266233BA00608D73 /* SuggestionHeaderView.xib */,
			);
			path = SuggestionHeaderView;
			sourceTree = "<group>";
		};
		FBB94F3B2662353100608D73 /* RestaurantSuggestionCell */ = {
			isa = PBXGroup;
			children = (
				FBB94F342662352B00608D73 /* RestaurantSuggestionCell.swift */,
				FBB94F352662352B00608D73 /* RestaurantSuggestionCell.xib */,
			);
			path = RestaurantSuggestionCell;
			sourceTree = "<group>";
		};
		FBB94F4626623C4D00608D73 /* BasicSuggestionCell */ = {
			isa = PBXGroup;
			children = (
				FBB94F3F26623C4700608D73 /* BasicSuggestionCell.swift */,
				FBB94F4026623C4700608D73 /* BasicSuggestionCell.xib */,
			);
			path = BasicSuggestionCell;
			sourceTree = "<group>";
		};
		FBB94F63266266B700608D73 /* Rest */ = {
			isa = PBXGroup;
			children = (
				FBB94F4F2662434400608D73 /* SearchEndpointItem.swift */,
				FBB94F5426624E5D00608D73 /* SearchSuggestionResponse.swift */,
			);
			path = Rest;
			sourceTree = "<group>";
		};
		FBB94F67266266BE00608D73 /* Views */ = {
			isa = PBXGroup;
			children = (
				FBB94F30266233C700608D73 /* SuggestionHeaderView */,
				FBB94F3B2662353100608D73 /* RestaurantSuggestionCell */,
				FBB94F4626623C4D00608D73 /* BasicSuggestionCell */,
			);
			path = Views;
			sourceTree = "<group>";
		};
/* End PBXGroup section */

/* Begin PBXNativeTarget section */
		DC55B6052658EC0B00C5D2FD /* MealApp */ = {
			isa = PBXNativeTarget;
			buildConfigurationList = DC55B6302658EC0D00C5D2FD /* Build configuration list for PBXNativeTarget "MealApp" */;
			buildPhases = (
				DC55B6022658EC0B00C5D2FD /* Sources */,
				DC55B6032658EC0B00C5D2FD /* Frameworks */,
				DC55B6042658EC0B00C5D2FD /* Resources */,
			);
			buildRules = (
			);
			dependencies = (
			);
			name = MealApp;
			packageProductDependencies = (
				DC55B63A2658ED9700C5D2FD /* CoreApi */,
				9B40C70126591F8E00404678 /* SDWebImage */,
			);
			productName = MealApp;
			productReference = DC55B6062658EC0B00C5D2FD /* MealApp.app */;
			productType = "com.apple.product-type.application";
		};
		DC55B61B2658EC0D00C5D2FD /* MealAppTests */ = {
			isa = PBXNativeTarget;
			buildConfigurationList = DC55B6332658EC0D00C5D2FD /* Build configuration list for PBXNativeTarget "MealAppTests" */;
			buildPhases = (
				DC55B6182658EC0D00C5D2FD /* Sources */,
				DC55B6192658EC0D00C5D2FD /* Frameworks */,
				DC55B61A2658EC0D00C5D2FD /* Resources */,
			);
			buildRules = (
			);
			dependencies = (
				DC55B61E2658EC0D00C5D2FD /* PBXTargetDependency */,
			);
			name = MealAppTests;
			productName = MealAppTests;
			productReference = DC55B61C2658EC0D00C5D2FD /* MealAppTests.xctest */;
			productType = "com.apple.product-type.bundle.unit-test";
		};
		DC55B6262658EC0D00C5D2FD /* MealAppUITests */ = {
			isa = PBXNativeTarget;
			buildConfigurationList = DC55B6362658EC0D00C5D2FD /* Build configuration list for PBXNativeTarget "MealAppUITests" */;
			buildPhases = (
				DC55B6232658EC0D00C5D2FD /* Sources */,
				DC55B6242658EC0D00C5D2FD /* Frameworks */,
				DC55B6252658EC0D00C5D2FD /* Resources */,
			);
			buildRules = (
			);
			dependencies = (
				DC55B6292658EC0D00C5D2FD /* PBXTargetDependency */,
			);
			name = MealAppUITests;
			productName = MealAppUITests;
			productReference = DC55B6272658EC0D00C5D2FD /* MealAppUITests.xctest */;
			productType = "com.apple.product-type.bundle.ui-testing";
		};
/* End PBXNativeTarget section */

/* Begin PBXProject section */
		DC55B5FE2658EC0B00C5D2FD /* Project object */ = {
			isa = PBXProject;
			attributes = {
				LastSwiftUpdateCheck = 1250;
				LastUpgradeCheck = 1250;
				TargetAttributes = {
					DC55B6052658EC0B00C5D2FD = {
						CreatedOnToolsVersion = 12.5;
					};
					DC55B61B2658EC0D00C5D2FD = {
						CreatedOnToolsVersion = 12.5;
						TestTargetID = DC55B6052658EC0B00C5D2FD;
					};
					DC55B6262658EC0D00C5D2FD = {
						CreatedOnToolsVersion = 12.5;
						TestTargetID = DC55B6052658EC0B00C5D2FD;
					};
				};
			};
			buildConfigurationList = DC55B6012658EC0B00C5D2FD /* Build configuration list for PBXProject "MealApp" */;
			compatibilityVersion = "Xcode 9.3";
			developmentRegion = en;
			hasScannedForEncodings = 0;
			knownRegions = (
				en,
				Base,
			);
			mainGroup = DC55B5FD2658EC0B00C5D2FD;
			packageReferences = (
				9B40C70026591F8E00404678 /* XCRemoteSwiftPackageReference "SDWebImage" */,
			);
			productRefGroup = DC55B6072658EC0B00C5D2FD /* Products */;
			projectDirPath = "";
			projectRoot = "";
			targets = (
				DC55B6052658EC0B00C5D2FD /* MealApp */,
				DC55B61B2658EC0D00C5D2FD /* MealAppTests */,
				DC55B6262658EC0D00C5D2FD /* MealAppUITests */,
			);
		};
/* End PBXProject section */

/* Begin PBXResourcesBuildPhase section */
		DC55B6042658EC0B00C5D2FD /* Resources */ = {
			isa = PBXResourcesBuildPhase;
			buildActionMask = 2147483647;
			files = (
				FBB94F2C266233BA00608D73 /* SuggestionHeaderView.xib in Resources */,
				DC55B6162658EC0D00C5D2FD /* LaunchScreen.storyboard in Resources */,
				FBB94F372662352B00608D73 /* RestaurantSuggestionCell.xib in Resources */,
				9B40C6B926590CDE00404678 /* Lato-Semibold.ttf in Resources */,
				9B40C6B726590CDE00404678 /* Lato-Bold.ttf in Resources */,
				FBB94F4226623C4700608D73 /* BasicSuggestionCell.xib in Resources */,
				9B40C6BA26590CDE00404678 /* Lato-Light.ttf in Resources */,
				DC55B6132658EC0D00C5D2FD /* Assets.xcassets in Resources */,
				9B40C6B626590CDE00404678 /* Lato-Thin.ttf in Resources */,
				9B40C6B826590CDE00404678 /* Lato-Regular.ttf in Resources */,
				9B40C69F265904FA00404678 /* RestaurantCollectionViewCell.xib in Resources */,
				9B40C6F4265915E600404678 /* StampView.xib in Resources */,
				DC55B6112658EC0B00C5D2FD /* Main.storyboard in Resources */,
			);
			runOnlyForDeploymentPostprocessing = 0;
		};
		DC55B61A2658EC0D00C5D2FD /* Resources */ = {
			isa = PBXResourcesBuildPhase;
			buildActionMask = 2147483647;
			files = (
				55D0FA4C26639D95009ECFD7 /* SearchSuggestionResponse.json in Resources */,
				DCA5DEE326637A3400D67EE2 /* HomeResponse.json in Resources */,
			);
			runOnlyForDeploymentPostprocessing = 0;
		};
		DC55B6252658EC0D00C5D2FD /* Resources */ = {
			isa = PBXResourcesBuildPhase;
			buildActionMask = 2147483647;
			files = (
			);
			runOnlyForDeploymentPostprocessing = 0;
		};
/* End PBXResourcesBuildPhase section */

/* Begin PBXSourcesBuildPhase section */
		DC55B6022658EC0B00C5D2FD /* Sources */ = {
			isa = PBXSourcesBuildPhase;
			buildActionMask = 2147483647;
			files = (
				FBB94F0A26622CAD00608D73 /* SearchSuggestionViewController.swift in Sources */,
				FBB94F502662434400608D73 /* SearchEndpointItem.swift in Sources */,
				FBB94F2B266233BA00608D73 /* SuggestionHeaderView.swift in Sources */,
				9B40C6B426590CDE00404678 /* UICollectionView+Extension.swift in Sources */,
				3B5D42F4265A7403005D7A07 /* HomeInteractor.swift in Sources */,
				FBB94F5526624E5D00608D73 /* SearchSuggestionResponse.swift in Sources */,
				FBB94F4B26623DD600608D73 /* UICollectionReusableView+Extension.swift in Sources */,
				9B40C6B226590CDE00404678 /* UIFont+Extension.swift in Sources */,
				3B5D4304265A8EAE005D7A07 /* RestaurantCollectionCellPresenter.swift in Sources */,
				DC55B60E2658EC0B00C5D2FD /* HomeViewController.swift in Sources */,
				9B40C6BC26590CDE00404678 /* LoadingShowable.swift in Sources */,
				DC55B60A2658EC0B00C5D2FD /* AppDelegate.swift in Sources */,
				FBB94F5F266261BF00608D73 /* SearchPresentable.swift in Sources */,
				DC55B63F2658F5A800C5D2FD /* Widget.swift in Sources */,
				FBB94F5A2662601300608D73 /* Throttle.swift in Sources */,
				9B40C6BB26590CDE00404678 /* NibView.swift in Sources */,
				9B40C6A0265904FA00404678 /* RestaurantCollectionViewCell.swift in Sources */,
				D43E806C26610A7A00AE9649 /* AccessibilityIdentifiable.swift in Sources */,
				3B5D42F9265A7421005D7A07 /* HomeRouter.swift in Sources */,
				FBB94F132662300900608D73 /* SearchSuggestionPresenter.swift in Sources */,
				DC55B63D2658F21100C5D2FD /* HomeEndpointItem.swift in Sources */,
				FBB94F182662301200608D73 /* SearchSuggestionRouter.swift in Sources */,
				BB93E970265A498200887ECE /* Collection+Extension.swift in Sources */,
				DC55B60C2658EC0B00C5D2FD /* SceneDelegate.swift in Sources */,
				9B40C6B526590CDE00404678 /* UICollectionViewCell+Extension.swift in Sources */,
				9B40C6D726590E8000404678 /* LoadingView.swift in Sources */,
				9B40C6F92659161000404678 /* StampView.swift in Sources */,
				3B5D42EC265A73E7005D7A07 /* HomePresenter.swift in Sources */,
				FBB94F4126623C4700608D73 /* BasicSuggestionCell.swift in Sources */,
				FBB94F1D2662301B00608D73 /* SearchSuggestionInteractor.swift in Sources */,
				FBB94F362662352B00608D73 /* RestaurantSuggestionCell.swift in Sources */,
				9B40C6B326590CDE00404678 /* UIColor+Extension.swift in Sources */,
			);
			runOnlyForDeploymentPostprocessing = 0;
		};
		DC55B6182658EC0D00C5D2FD /* Sources */ = {
			isa = PBXSourcesBuildPhase;
			buildActionMask = 2147483647;
			files = (
				55D0FA2A2663996A009ECFD7 /* MockThrottler.swift in Sources */,
				55D0FA3C26639AE6009ECFD7 /* MockSearchSuggestionInteractor.swift in Sources */,
				DCA5DEDF2663732F00D67EE2 /* MockHomeViewController.swift in Sources */,
				55D0FA3726639ABD009ECFD7 /* MockSearchSuggestionView.swift in Sources */,
				DCA5DEE12663753000D67EE2 /* MockHomeInteractor.swift in Sources */,
				55D0FA3226639A81009ECFD7 /* MockSearchSuggestionRouter.swift in Sources */,
				3B09C9EC266385C900D92097 /* MockRestaurantCollectionViewCell.swift in Sources */,
				3B09C9EE2663867F00D92097 /* MockRestaurantCollectionDelegate.swift in Sources */,
				55D0FA4126639B17009ECFD7 /* MockSearchSuggestionDelegate.swift in Sources */,
				55D0FA4626639B43009ECFD7 /* SearchSuggestionPresenterTests.swift in Sources */,
				3B09C9F0266386F700D92097 /* RestaurantCollectionCellPresenterTests.swift in Sources */,
				DC55B6212658EC0D00C5D2FD /* MealAppTests.swift in Sources */,
				DCA5DEDD2663727300D67EE2 /* HomePresenterTests.swift in Sources */,
			);
			runOnlyForDeploymentPostprocessing = 0;
		};
		DC55B6232658EC0D00C5D2FD /* Sources */ = {
			isa = PBXSourcesBuildPhase;
			buildActionMask = 2147483647;
			files = (
				D4D92E6426638C070068C141 /* BaseTest.swift in Sources */,
				D4D92E6B2663948D0068C141 /* XCUIElement+Extension.swift in Sources */,
				D4D92E62266388C80068C141 /* TestHelper.swift in Sources */,
			);
			runOnlyForDeploymentPostprocessing = 0;
		};
/* End PBXSourcesBuildPhase section */

/* Begin PBXTargetDependency section */
		DC55B61E2658EC0D00C5D2FD /* PBXTargetDependency */ = {
			isa = PBXTargetDependency;
			target = DC55B6052658EC0B00C5D2FD /* MealApp */;
			targetProxy = DC55B61D2658EC0D00C5D2FD /* PBXContainerItemProxy */;
		};
		DC55B6292658EC0D00C5D2FD /* PBXTargetDependency */ = {
			isa = PBXTargetDependency;
			target = DC55B6052658EC0B00C5D2FD /* MealApp */;
			targetProxy = DC55B6282658EC0D00C5D2FD /* PBXContainerItemProxy */;
		};
/* End PBXTargetDependency section */

/* Begin PBXVariantGroup section */
		DC55B60F2658EC0B00C5D2FD /* Main.storyboard */ = {
			isa = PBXVariantGroup;
			children = (
				DC55B6102658EC0B00C5D2FD /* Base */,
			);
			name = Main.storyboard;
			sourceTree = "<group>";
		};
		DC55B6142658EC0D00C5D2FD /* LaunchScreen.storyboard */ = {
			isa = PBXVariantGroup;
			children = (
				DC55B6152658EC0D00C5D2FD /* Base */,
			);
			name = LaunchScreen.storyboard;
			sourceTree = "<group>";
		};
/* End PBXVariantGroup section */

/* Begin XCBuildConfiguration section */
		DC55B62E2658EC0D00C5D2FD /* Debug */ = {
			isa = XCBuildConfiguration;
			buildSettings = {
				ALWAYS_SEARCH_USER_PATHS = NO;
				CLANG_ANALYZER_NONNULL = YES;
				CLANG_ANALYZER_NUMBER_OBJECT_CONVERSION = YES_AGGRESSIVE;
				CLANG_CXX_LANGUAGE_STANDARD = "gnu++14";
				CLANG_CXX_LIBRARY = "libc++";
				CLANG_ENABLE_MODULES = YES;
				CLANG_ENABLE_OBJC_ARC = YES;
				CLANG_ENABLE_OBJC_WEAK = YES;
				CLANG_WARN_BLOCK_CAPTURE_AUTORELEASING = YES;
				CLANG_WARN_BOOL_CONVERSION = YES;
				CLANG_WARN_COMMA = YES;
				CLANG_WARN_CONSTANT_CONVERSION = YES;
				CLANG_WARN_DEPRECATED_OBJC_IMPLEMENTATIONS = YES;
				CLANG_WARN_DIRECT_OBJC_ISA_USAGE = YES_ERROR;
				CLANG_WARN_DOCUMENTATION_COMMENTS = YES;
				CLANG_WARN_EMPTY_BODY = YES;
				CLANG_WARN_ENUM_CONVERSION = YES;
				CLANG_WARN_INFINITE_RECURSION = YES;
				CLANG_WARN_INT_CONVERSION = YES;
				CLANG_WARN_NON_LITERAL_NULL_CONVERSION = YES;
				CLANG_WARN_OBJC_IMPLICIT_RETAIN_SELF = YES;
				CLANG_WARN_OBJC_LITERAL_CONVERSION = YES;
				CLANG_WARN_OBJC_ROOT_CLASS = YES_ERROR;
				CLANG_WARN_QUOTED_INCLUDE_IN_FRAMEWORK_HEADER = YES;
				CLANG_WARN_RANGE_LOOP_ANALYSIS = YES;
				CLANG_WARN_STRICT_PROTOTYPES = YES;
				CLANG_WARN_SUSPICIOUS_MOVE = YES;
				CLANG_WARN_UNGUARDED_AVAILABILITY = YES_AGGRESSIVE;
				CLANG_WARN_UNREACHABLE_CODE = YES;
				CLANG_WARN__DUPLICATE_METHOD_MATCH = YES;
				COPY_PHASE_STRIP = NO;
				DEBUG_INFORMATION_FORMAT = dwarf;
				ENABLE_STRICT_OBJC_MSGSEND = YES;
				ENABLE_TESTABILITY = YES;
				GCC_C_LANGUAGE_STANDARD = gnu11;
				GCC_DYNAMIC_NO_PIC = NO;
				GCC_NO_COMMON_BLOCKS = YES;
				GCC_OPTIMIZATION_LEVEL = 0;
				GCC_PREPROCESSOR_DEFINITIONS = (
					"DEBUG=1",
					"$(inherited)",
				);
				GCC_WARN_64_TO_32_BIT_CONVERSION = YES;
				GCC_WARN_ABOUT_RETURN_TYPE = YES_ERROR;
				GCC_WARN_UNDECLARED_SELECTOR = YES;
				GCC_WARN_UNINITIALIZED_AUTOS = YES_AGGRESSIVE;
				GCC_WARN_UNUSED_FUNCTION = YES;
				GCC_WARN_UNUSED_VARIABLE = YES;
				IPHONEOS_DEPLOYMENT_TARGET = 13.0;
				MTL_ENABLE_DEBUG_INFO = INCLUDE_SOURCE;
				MTL_FAST_MATH = YES;
				ONLY_ACTIVE_ARCH = YES;
				SDKROOT = iphoneos;
				SWIFT_ACTIVE_COMPILATION_CONDITIONS = DEBUG;
				SWIFT_OPTIMIZATION_LEVEL = "-Onone";
			};
			name = Debug;
		};
		DC55B62F2658EC0D00C5D2FD /* Release */ = {
			isa = XCBuildConfiguration;
			buildSettings = {
				ALWAYS_SEARCH_USER_PATHS = NO;
				CLANG_ANALYZER_NONNULL = YES;
				CLANG_ANALYZER_NUMBER_OBJECT_CONVERSION = YES_AGGRESSIVE;
				CLANG_CXX_LANGUAGE_STANDARD = "gnu++14";
				CLANG_CXX_LIBRARY = "libc++";
				CLANG_ENABLE_MODULES = YES;
				CLANG_ENABLE_OBJC_ARC = YES;
				CLANG_ENABLE_OBJC_WEAK = YES;
				CLANG_WARN_BLOCK_CAPTURE_AUTORELEASING = YES;
				CLANG_WARN_BOOL_CONVERSION = YES;
				CLANG_WARN_COMMA = YES;
				CLANG_WARN_CONSTANT_CONVERSION = YES;
				CLANG_WARN_DEPRECATED_OBJC_IMPLEMENTATIONS = YES;
				CLANG_WARN_DIRECT_OBJC_ISA_USAGE = YES_ERROR;
				CLANG_WARN_DOCUMENTATION_COMMENTS = YES;
				CLANG_WARN_EMPTY_BODY = YES;
				CLANG_WARN_ENUM_CONVERSION = YES;
				CLANG_WARN_INFINITE_RECURSION = YES;
				CLANG_WARN_INT_CONVERSION = YES;
				CLANG_WARN_NON_LITERAL_NULL_CONVERSION = YES;
				CLANG_WARN_OBJC_IMPLICIT_RETAIN_SELF = YES;
				CLANG_WARN_OBJC_LITERAL_CONVERSION = YES;
				CLANG_WARN_OBJC_ROOT_CLASS = YES_ERROR;
				CLANG_WARN_QUOTED_INCLUDE_IN_FRAMEWORK_HEADER = YES;
				CLANG_WARN_RANGE_LOOP_ANALYSIS = YES;
				CLANG_WARN_STRICT_PROTOTYPES = YES;
				CLANG_WARN_SUSPICIOUS_MOVE = YES;
				CLANG_WARN_UNGUARDED_AVAILABILITY = YES_AGGRESSIVE;
				CLANG_WARN_UNREACHABLE_CODE = YES;
				CLANG_WARN__DUPLICATE_METHOD_MATCH = YES;
				COPY_PHASE_STRIP = NO;
				DEBUG_INFORMATION_FORMAT = "dwarf-with-dsym";
				ENABLE_NS_ASSERTIONS = NO;
				ENABLE_STRICT_OBJC_MSGSEND = YES;
				GCC_C_LANGUAGE_STANDARD = gnu11;
				GCC_NO_COMMON_BLOCKS = YES;
				GCC_WARN_64_TO_32_BIT_CONVERSION = YES;
				GCC_WARN_ABOUT_RETURN_TYPE = YES_ERROR;
				GCC_WARN_UNDECLARED_SELECTOR = YES;
				GCC_WARN_UNINITIALIZED_AUTOS = YES_AGGRESSIVE;
				GCC_WARN_UNUSED_FUNCTION = YES;
				GCC_WARN_UNUSED_VARIABLE = YES;
				IPHONEOS_DEPLOYMENT_TARGET = 13.0;
				MTL_ENABLE_DEBUG_INFO = NO;
				MTL_FAST_MATH = YES;
				SDKROOT = iphoneos;
				SWIFT_COMPILATION_MODE = wholemodule;
				SWIFT_OPTIMIZATION_LEVEL = "-O";
				VALIDATE_PRODUCT = YES;
			};
			name = Release;
		};
		DC55B6312658EC0D00C5D2FD /* Debug */ = {
			isa = XCBuildConfiguration;
			buildSettings = {
				ASSETCATALOG_COMPILER_APPICON_NAME = AppIcon;
				ASSETCATALOG_COMPILER_GLOBAL_ACCENT_COLOR_NAME = AccentColor;
				CODE_SIGN_STYLE = Automatic;
				DEVELOPMENT_TEAM = 3CTUR53B57;
				INFOPLIST_FILE = MealApp/Info.plist;
				LD_RUNPATH_SEARCH_PATHS = (
					"$(inherited)",
					"@executable_path/Frameworks",
				);
				PRODUCT_BUNDLE_IDENTIFIER = com.aniltaskiran.MealApp;
				PRODUCT_NAME = "$(TARGET_NAME)";
				SWIFT_VERSION = 5.0;
				TARGETED_DEVICE_FAMILY = "1,2";
			};
			name = Debug;
		};
		DC55B6322658EC0D00C5D2FD /* Release */ = {
			isa = XCBuildConfiguration;
			buildSettings = {
				ASSETCATALOG_COMPILER_APPICON_NAME = AppIcon;
				ASSETCATALOG_COMPILER_GLOBAL_ACCENT_COLOR_NAME = AccentColor;
				CODE_SIGN_STYLE = Automatic;
				DEVELOPMENT_TEAM = 3CTUR53B57;
				INFOPLIST_FILE = MealApp/Info.plist;
				LD_RUNPATH_SEARCH_PATHS = (
					"$(inherited)",
					"@executable_path/Frameworks",
				);
				PRODUCT_BUNDLE_IDENTIFIER = com.aniltaskiran.MealApp;
				PRODUCT_NAME = "$(TARGET_NAME)";
				SWIFT_VERSION = 5.0;
				TARGETED_DEVICE_FAMILY = "1,2";
			};
			name = Release;
		};
		DC55B6342658EC0D00C5D2FD /* Debug */ = {
			isa = XCBuildConfiguration;
			buildSettings = {
				ALWAYS_EMBED_SWIFT_STANDARD_LIBRARIES = YES;
				BUNDLE_LOADER = "$(TEST_HOST)";
				CODE_SIGN_STYLE = Automatic;
				DEVELOPMENT_TEAM = 3CTUR53B57;
				INFOPLIST_FILE = MealAppTests/Info.plist;
				IPHONEOS_DEPLOYMENT_TARGET = 14.4;
				LD_RUNPATH_SEARCH_PATHS = (
					"$(inherited)",
					"@executable_path/Frameworks",
					"@loader_path/Frameworks",
				);
				PRODUCT_BUNDLE_IDENTIFIER = com.aniltaskiran.MealAppTests;
				PRODUCT_NAME = "$(TARGET_NAME)";
				SWIFT_VERSION = 5.0;
				TARGETED_DEVICE_FAMILY = "1,2";
				TEST_HOST = "$(BUILT_PRODUCTS_DIR)/MealApp.app/MealApp";
			};
			name = Debug;
		};
		DC55B6352658EC0D00C5D2FD /* Release */ = {
			isa = XCBuildConfiguration;
			buildSettings = {
				ALWAYS_EMBED_SWIFT_STANDARD_LIBRARIES = YES;
				BUNDLE_LOADER = "$(TEST_HOST)";
				CODE_SIGN_STYLE = Automatic;
				DEVELOPMENT_TEAM = 3CTUR53B57;
				INFOPLIST_FILE = MealAppTests/Info.plist;
				IPHONEOS_DEPLOYMENT_TARGET = 14.4;
				LD_RUNPATH_SEARCH_PATHS = (
					"$(inherited)",
					"@executable_path/Frameworks",
					"@loader_path/Frameworks",
				);
				PRODUCT_BUNDLE_IDENTIFIER = com.aniltaskiran.MealAppTests;
				PRODUCT_NAME = "$(TARGET_NAME)";
				SWIFT_VERSION = 5.0;
				TARGETED_DEVICE_FAMILY = "1,2";
				TEST_HOST = "$(BUILT_PRODUCTS_DIR)/MealApp.app/MealApp";
			};
			name = Release;
		};
		DC55B6372658EC0D00C5D2FD /* Debug */ = {
			isa = XCBuildConfiguration;
			buildSettings = {
				ALWAYS_EMBED_SWIFT_STANDARD_LIBRARIES = YES;
				CODE_SIGN_STYLE = Automatic;
				DEVELOPMENT_TEAM = 3CTUR53B57;
				INFOPLIST_FILE = MealAppUITests/Info.plist;
				LD_RUNPATH_SEARCH_PATHS = (
					"$(inherited)",
					"@executable_path/Frameworks",
					"@loader_path/Frameworks",
				);
				PRODUCT_BUNDLE_IDENTIFIER = com.aniltaskiran.MealAppUITests;
				PRODUCT_NAME = "$(TARGET_NAME)";
				SWIFT_VERSION = 5.0;
				TARGETED_DEVICE_FAMILY = "1,2";
				TEST_TARGET_NAME = MealApp;
			};
			name = Debug;
		};
		DC55B6382658EC0D00C5D2FD /* Release */ = {
			isa = XCBuildConfiguration;
			buildSettings = {
				ALWAYS_EMBED_SWIFT_STANDARD_LIBRARIES = YES;
				CODE_SIGN_STYLE = Automatic;
				DEVELOPMENT_TEAM = 3CTUR53B57;
				INFOPLIST_FILE = MealAppUITests/Info.plist;
				LD_RUNPATH_SEARCH_PATHS = (
					"$(inherited)",
					"@executable_path/Frameworks",
					"@loader_path/Frameworks",
				);
				PRODUCT_BUNDLE_IDENTIFIER = com.aniltaskiran.MealAppUITests;
				PRODUCT_NAME = "$(TARGET_NAME)";
				SWIFT_VERSION = 5.0;
				TARGETED_DEVICE_FAMILY = "1,2";
				TEST_TARGET_NAME = MealApp;
			};
			name = Release;
		};
/* End XCBuildConfiguration section */

/* Begin XCConfigurationList section */
		DC55B6012658EC0B00C5D2FD /* Build configuration list for PBXProject "MealApp" */ = {
			isa = XCConfigurationList;
			buildConfigurations = (
				DC55B62E2658EC0D00C5D2FD /* Debug */,
				DC55B62F2658EC0D00C5D2FD /* Release */,
			);
			defaultConfigurationIsVisible = 0;
			defaultConfigurationName = Release;
		};
		DC55B6302658EC0D00C5D2FD /* Build configuration list for PBXNativeTarget "MealApp" */ = {
			isa = XCConfigurationList;
			buildConfigurations = (
				DC55B6312658EC0D00C5D2FD /* Debug */,
				DC55B6322658EC0D00C5D2FD /* Release */,
			);
			defaultConfigurationIsVisible = 0;
			defaultConfigurationName = Release;
		};
		DC55B6332658EC0D00C5D2FD /* Build configuration list for PBXNativeTarget "MealAppTests" */ = {
			isa = XCConfigurationList;
			buildConfigurations = (
				DC55B6342658EC0D00C5D2FD /* Debug */,
				DC55B6352658EC0D00C5D2FD /* Release */,
			);
			defaultConfigurationIsVisible = 0;
			defaultConfigurationName = Release;
		};
		DC55B6362658EC0D00C5D2FD /* Build configuration list for PBXNativeTarget "MealAppUITests" */ = {
			isa = XCConfigurationList;
			buildConfigurations = (
				DC55B6372658EC0D00C5D2FD /* Debug */,
				DC55B6382658EC0D00C5D2FD /* Release */,
			);
			defaultConfigurationIsVisible = 0;
			defaultConfigurationName = Release;
		};
/* End XCConfigurationList section */

/* Begin XCRemoteSwiftPackageReference section */
		9B40C70026591F8E00404678 /* XCRemoteSwiftPackageReference "SDWebImage" */ = {
			isa = XCRemoteSwiftPackageReference;
			repositoryURL = "https://github.com/SDWebImage/SDWebImage.git";
			requirement = {
				kind = upToNextMajorVersion;
				minimumVersion = 5.11.1;
			};
		};
/* End XCRemoteSwiftPackageReference section */

/* Begin XCSwiftPackageProductDependency section */
		9B40C70126591F8E00404678 /* SDWebImage */ = {
			isa = XCSwiftPackageProductDependency;
			package = 9B40C70026591F8E00404678 /* XCRemoteSwiftPackageReference "SDWebImage" */;
			productName = SDWebImage;
		};
		DC55B63A2658ED9700C5D2FD /* CoreApi */ = {
			isa = XCSwiftPackageProductDependency;
			productName = CoreApi;
		};
/* End XCSwiftPackageProductDependency section */
	};
	rootObject = DC55B5FE2658EC0B00C5D2FD /* Project object */;
}
